
Microsoft Visual Studio Solution File, Format Version 12.00
# Visual Studio Version 17
VisualStudioVersion = 17.1.32421.90
MinimumVisualStudioVersion = 10.0.40219.1
Project("{9A19103F-16F7-4668-BE54-9A1E7A4F7556}") = "day01", "day01\day01.csproj", "{06B70A49-A5A7-4CB0-A134-3A01AEDCEEEB}"
EndProject
Project("{9A19103F-16F7-4668-BE54-9A1E7A4F7556}") = "day03", "day03\day03.csproj", "{05F7A7B8-43B0-4462-9DA8-58BB9C8AF69F}"
EndProject
Project("{9A19103F-16F7-4668-BE54-9A1E7A4F7556}") = "day02", "day02\day02.csproj", "{BF7C0C1B-AE41-41B3-A2F5-D464AA984FF4}"
EndProject
Project("{9A19103F-16F7-4668-BE54-9A1E7A4F7556}") = "dayXX", "dayXX\dayXX.csproj", "{51593A38-3ADA-42D4-ADB2-3B260E40320F}"
EndProject
Project("{9A19103F-16F7-4668-BE54-9A1E7A4F7556}") = "day04", "day04\day04.csproj", "{14D61DEB-E297-47B3-BE58-251C5EAC8127}"
EndProject
Project("{9A19103F-16F7-4668-BE54-9A1E7A4F7556}") = "day05", "day05\day05.csproj", "{98DC078A-5007-45D3-B3F3-F45557604744}"
EndProject
Project("{9A19103F-16F7-4668-BE54-9A1E7A4F7556}") = "day06", "day06\day06.csproj", "{C25B14D4-AADE-4D56-A621-8447E9158959}"
EndProject
Project("{9A19103F-16F7-4668-BE54-9A1E7A4F7556}") = "day07", "day07\day07.csproj", "{6FCD1AD2-5D85-4DA1-A099-EF6C229A784E}"
EndProject
Project("{9A19103F-16F7-4668-BE54-9A1E7A4F7556}") = "day08", "day08\day08.csproj", "{F95D565C-0312-42FE-ACD7-7278CB291F39}"
EndProject
Project("{9A19103F-16F7-4668-BE54-9A1E7A4F7556}") = "day09", "day09\day09.csproj", "{F0F0A45E-9885-479E-A9AD-4044AE3BEE56}"
EndProject
Project("{9A19103F-16F7-4668-BE54-9A1E7A4F7556}") = "day10", "day10\day10.csproj", "{32506EED-E541-440B-9171-9061FEEE0769}"
EndProject
Project("{9A19103F-16F7-4668-BE54-9A1E7A4F7556}") = "day11", "day11\day11.csproj", "{9E18D7CD-D138-4151-A601-9E977A1038C8}"
EndProject
Project("{9A19103F-16F7-4668-BE54-9A1E7A4F7556}") = "day12", "day12\day12.csproj", "{15852B59-408C-427D-806E-0185F4058BEF}"
EndProject
Project("{9A19103F-16F7-4668-BE54-9A1E7A4F7556}") = "day13", "day13\day13.csproj", "{4C0378E8-439F-4448-840C-BFC48C8A9373}"
EndProject
Project("{9A19103F-16F7-4668-BE54-9A1E7A4F7556}") = "day14", "day14\day14.csproj", "{0F2EBFEC-8ECD-4133-B6BC-F66BFF7889AB}"
EndProject
Project("{9A19103F-16F7-4668-BE54-9A1E7A4F7556}") = "day15", "day15\day15.csproj", "{CE65DA96-9F60-4122-A379-C26FCAB5EBCA}"
EndProject
Project("{9A19103F-16F7-4668-BE54-9A1E7A4F7556}") = "day16", "day16\day16.csproj", "{FBF363EC-EE80-4DB4-9263-9C69E91EECB1}"
EndProject
Project("{9A19103F-16F7-4668-BE54-9A1E7A4F7556}") = "day17", "day17\day17.csproj", "{A9B01F0A-B671-471B-BD0D-02A2BDCEE87A}"
EndProject
Project("{9A19103F-16F7-4668-BE54-9A1E7A4F7556}") = "day18", "day18\day18.csproj", "{2A809C65-7230-40A3-82DD-23809D990206}"
EndProject
Project("{9A19103F-16F7-4668-BE54-9A1E7A4F7556}") = "day19", "day19\day19.csproj", "{6410039B-52CE-48ED-823C-18FB03C312D4}"
EndProject
Project("{9A19103F-16F7-4668-BE54-9A1E7A4F7556}") = "day20", "day20\day20.csproj", "{6AE8C0AC-893D-4757-8C02-128FD5ABD583}"
EndProject
Project("{9A19103F-16F7-4668-BE54-9A1E7A4F7556}") = "day21", "day21\day21.csproj", "{24343A7C-F040-40E9-BF0A-B5A14F368062}"
EndProject
Project("{9A19103F-16F7-4668-BE54-9A1E7A4F7556}") = "day22", "day22\day22.csproj", "{9262859B-98A9-4BF2-AEE0-619ADBFDE1EB}"
EndProject
Project("{9A19103F-16F7-4668-BE54-9A1E7A4F7556}") = "day23", "day23\day23.csproj", "{9B294307-1C22-4AB8-91A2-0DDC018C4422}"
EndProject
Project("{9A19103F-16F7-4668-BE54-9A1E7A4F7556}") = "day24", "day24\day24.csproj", "{790C9C84-C4CC-4D9E-B464-4636C267CC9A}"
EndProject
Project("{9A19103F-16F7-4668-BE54-9A1E7A4F7556}") = "day25", "day25\day25.csproj", "{6B4573E1-A848-4883-A089-E35AE8DA81F2}"
EndProject
Project("{9A19103F-16F7-4668-BE54-9A1E7A4F7556}") = "test", "test\test.csproj", "{CB189EA0-6932-4EE6-A53E-68C2CA1CAC78}"
EndProject
Global
	GlobalSection(SolutionConfigurationPlatforms) = preSolution
		Debug|Any CPU = Debug|Any CPU
		Release|Any CPU = Release|Any CPU
	EndGlobalSection
	GlobalSection(ProjectConfigurationPlatforms) = postSolution
		{06B70A49-A5A7-4CB0-A134-3A01AEDCEEEB}.Debug|Any CPU.ActiveCfg = Debug|Any CPU
		{06B70A49-A5A7-4CB0-A134-3A01AEDCEEEB}.Debug|Any CPU.Build.0 = Debug|Any CPU
		{06B70A49-A5A7-4CB0-A134-3A01AEDCEEEB}.Release|Any CPU.ActiveCfg = Release|Any CPU
		{06B70A49-A5A7-4CB0-A134-3A01AEDCEEEB}.Release|Any CPU.Build.0 = Release|Any CPU
		{05F7A7B8-43B0-4462-9DA8-58BB9C8AF69F}.Debug|Any CPU.ActiveCfg = Debug|Any CPU
		{05F7A7B8-43B0-4462-9DA8-58BB9C8AF69F}.Debug|Any CPU.Build.0 = Debug|Any CPU
		{05F7A7B8-43B0-4462-9DA8-58BB9C8AF69F}.Release|Any CPU.ActiveCfg = Release|Any CPU
		{05F7A7B8-43B0-4462-9DA8-58BB9C8AF69F}.Release|Any CPU.Build.0 = Release|Any CPU
		{BF7C0C1B-AE41-41B3-A2F5-D464AA984FF4}.Debug|Any CPU.ActiveCfg = Debug|Any CPU
		{BF7C0C1B-AE41-41B3-A2F5-D464AA984FF4}.Debug|Any CPU.Build.0 = Debug|Any CPU
		{BF7C0C1B-AE41-41B3-A2F5-D464AA984FF4}.Release|Any CPU.ActiveCfg = Release|Any CPU
		{BF7C0C1B-AE41-41B3-A2F5-D464AA984FF4}.Release|Any CPU.Build.0 = Release|Any CPU
		{51593A38-3ADA-42D4-ADB2-3B260E40320F}.Debug|Any CPU.ActiveCfg = Debug|Any CPU
		{51593A38-3ADA-42D4-ADB2-3B260E40320F}.Debug|Any CPU.Build.0 = Debug|Any CPU
		{51593A38-3ADA-42D4-ADB2-3B260E40320F}.Release|Any CPU.ActiveCfg = Release|Any CPU
		{51593A38-3ADA-42D4-ADB2-3B260E40320F}.Release|Any CPU.Build.0 = Release|Any CPU
		{14D61DEB-E297-47B3-BE58-251C5EAC8127}.Debug|Any CPU.ActiveCfg = Debug|Any CPU
		{14D61DEB-E297-47B3-BE58-251C5EAC8127}.Debug|Any CPU.Build.0 = Debug|Any CPU
		{14D61DEB-E297-47B3-BE58-251C5EAC8127}.Release|Any CPU.ActiveCfg = Release|Any CPU
		{14D61DEB-E297-47B3-BE58-251C5EAC8127}.Release|Any CPU.Build.0 = Release|Any CPU
		{98DC078A-5007-45D3-B3F3-F45557604744}.Debug|Any CPU.ActiveCfg = Debug|Any CPU
		{98DC078A-5007-45D3-B3F3-F45557604744}.Debug|Any CPU.Build.0 = Debug|Any CPU
		{98DC078A-5007-45D3-B3F3-F45557604744}.Release|Any CPU.ActiveCfg = Release|Any CPU
		{98DC078A-5007-45D3-B3F3-F45557604744}.Release|Any CPU.Build.0 = Release|Any CPU
		{C25B14D4-AADE-4D56-A621-8447E9158959}.Debug|Any CPU.ActiveCfg = Debug|Any CPU
		{C25B14D4-AADE-4D56-A621-8447E9158959}.Debug|Any CPU.Build.0 = Debug|Any CPU
		{C25B14D4-AADE-4D56-A621-8447E9158959}.Release|Any CPU.ActiveCfg = Release|Any CPU
		{C25B14D4-AADE-4D56-A621-8447E9158959}.Release|Any CPU.Build.0 = Release|Any CPU
		{6FCD1AD2-5D85-4DA1-A099-EF6C229A784E}.Debug|Any CPU.ActiveCfg = Debug|Any CPU
		{6FCD1AD2-5D85-4DA1-A099-EF6C229A784E}.Debug|Any CPU.Build.0 = Debug|Any CPU
		{6FCD1AD2-5D85-4DA1-A099-EF6C229A784E}.Release|Any CPU.ActiveCfg = Release|Any CPU
		{6FCD1AD2-5D85-4DA1-A099-EF6C229A784E}.Release|Any CPU.Build.0 = Release|Any CPU
		{F95D565C-0312-42FE-ACD7-7278CB291F39}.Debug|Any CPU.ActiveCfg = Debug|Any CPU
		{F95D565C-0312-42FE-ACD7-7278CB291F39}.Debug|Any CPU.Build.0 = Debug|Any CPU
		{F95D565C-0312-42FE-ACD7-7278CB291F39}.Release|Any CPU.ActiveCfg = Release|Any CPU
		{F95D565C-0312-42FE-ACD7-7278CB291F39}.Release|Any CPU.Build.0 = Release|Any CPU
		{F0F0A45E-9885-479E-A9AD-4044AE3BEE56}.Debug|Any CPU.ActiveCfg = Debug|Any CPU
		{F0F0A45E-9885-479E-A9AD-4044AE3BEE56}.Debug|Any CPU.Build.0 = Debug|Any CPU
		{F0F0A45E-9885-479E-A9AD-4044AE3BEE56}.Release|Any CPU.ActiveCfg = Release|Any CPU
		{F0F0A45E-9885-479E-A9AD-4044AE3BEE56}.Release|Any CPU.Build.0 = Release|Any CPU
		{32506EED-E541-440B-9171-9061FEEE0769}.Debug|Any CPU.ActiveCfg = Debug|Any CPU
		{32506EED-E541-440B-9171-9061FEEE0769}.Debug|Any CPU.Build.0 = Debug|Any CPU
		{32506EED-E541-440B-9171-9061FEEE0769}.Release|Any CPU.ActiveCfg = Release|Any CPU
		{32506EED-E541-440B-9171-9061FEEE0769}.Release|Any CPU.Build.0 = Release|Any CPU
		{9E18D7CD-D138-4151-A601-9E977A1038C8}.Debug|Any CPU.ActiveCfg = Debug|Any CPU
		{9E18D7CD-D138-4151-A601-9E977A1038C8}.Debug|Any CPU.Build.0 = Debug|Any CPU
		{9E18D7CD-D138-4151-A601-9E977A1038C8}.Release|Any CPU.ActiveCfg = Release|Any CPU
		{9E18D7CD-D138-4151-A601-9E977A1038C8}.Release|Any CPU.Build.0 = Release|Any CPU
		{15852B59-408C-427D-806E-0185F4058BEF}.Debug|Any CPU.ActiveCfg = Debug|Any CPU
		{15852B59-408C-427D-806E-0185F4058BEF}.Debug|Any CPU.Build.0 = Debug|Any CPU
		{15852B59-408C-427D-806E-0185F4058BEF}.Release|Any CPU.ActiveCfg = Release|Any CPU
		{15852B59-408C-427D-806E-0185F4058BEF}.Release|Any CPU.Build.0 = Release|Any CPU
		{4C0378E8-439F-4448-840C-BFC48C8A9373}.Debug|Any CPU.ActiveCfg = Debug|Any CPU
		{4C0378E8-439F-4448-840C-BFC48C8A9373}.Debug|Any CPU.Build.0 = Debug|Any CPU
		{4C0378E8-439F-4448-840C-BFC48C8A9373}.Release|Any CPU.ActiveCfg = Release|Any CPU
		{4C0378E8-439F-4448-840C-BFC48C8A9373}.Release|Any CPU.Build.0 = Release|Any CPU
		{0F2EBFEC-8ECD-4133-B6BC-F66BFF7889AB}.Debug|Any CPU.ActiveCfg = Debug|Any CPU
		{0F2EBFEC-8ECD-4133-B6BC-F66BFF7889AB}.Debug|Any CPU.Build.0 = Debug|Any CPU
		{0F2EBFEC-8ECD-4133-B6BC-F66BFF7889AB}.Release|Any CPU.ActiveCfg = Release|Any CPU
		{0F2EBFEC-8ECD-4133-B6BC-F66BFF7889AB}.Release|Any CPU.Build.0 = Release|Any CPU
		{CE65DA96-9F60-4122-A379-C26FCAB5EBCA}.Debug|Any CPU.ActiveCfg = Debug|Any CPU
		{CE65DA96-9F60-4122-A379-C26FCAB5EBCA}.Debug|Any CPU.Build.0 = Debug|Any CPU
		{CE65DA96-9F60-4122-A379-C26FCAB5EBCA}.Release|Any CPU.ActiveCfg = Release|Any CPU
		{CE65DA96-9F60-4122-A379-C26FCAB5EBCA}.Release|Any CPU.Build.0 = Release|Any CPU
		{FBF363EC-EE80-4DB4-9263-9C69E91EECB1}.Debug|Any CPU.ActiveCfg = Debug|Any CPU
		{FBF363EC-EE80-4DB4-9263-9C69E91EECB1}.Debug|Any CPU.Build.0 = Debug|Any CPU
		{FBF363EC-EE80-4DB4-9263-9C69E91EECB1}.Release|Any CPU.ActiveCfg = Release|Any CPU
		{FBF363EC-EE80-4DB4-9263-9C69E91EECB1}.Release|Any CPU.Build.0 = Release|Any CPU
		{A9B01F0A-B671-471B-BD0D-02A2BDCEE87A}.Debug|Any CPU.ActiveCfg = Debug|Any CPU
		{A9B01F0A-B671-471B-BD0D-02A2BDCEE87A}.Debug|Any CPU.Build.0 = Debug|Any CPU
		{A9B01F0A-B671-471B-BD0D-02A2BDCEE87A}.Release|Any CPU.ActiveCfg = Release|Any CPU
		{A9B01F0A-B671-471B-BD0D-02A2BDCEE87A}.Release|Any CPU.Build.0 = Release|Any CPU
		{2A809C65-7230-40A3-82DD-23809D990206}.Debug|Any CPU.ActiveCfg = Debug|Any CPU
		{2A809C65-7230-40A3-82DD-23809D990206}.Debug|Any CPU.Build.0 = Debug|Any CPU
		{2A809C65-7230-40A3-82DD-23809D990206}.Release|Any CPU.ActiveCfg = Release|Any CPU
		{2A809C65-7230-40A3-82DD-23809D990206}.Release|Any CPU.Build.0 = Release|Any CPU
		{6410039B-52CE-48ED-823C-18FB03C312D4}.Debug|Any CPU.ActiveCfg = Debug|Any CPU
		{6410039B-52CE-48ED-823C-18FB03C312D4}.Debug|Any CPU.Build.0 = Debug|Any CPU
		{6410039B-52CE-48ED-823C-18FB03C312D4}.Release|Any CPU.ActiveCfg = Release|Any CPU
		{6410039B-52CE-48ED-823C-18FB03C312D4}.Release|Any CPU.Build.0 = Release|Any CPU
		{6AE8C0AC-893D-4757-8C02-128FD5ABD583}.Debug|Any CPU.ActiveCfg = Debug|Any CPU
		{6AE8C0AC-893D-4757-8C02-128FD5ABD583}.Debug|Any CPU.Build.0 = Debug|Any CPU
		{6AE8C0AC-893D-4757-8C02-128FD5ABD583}.Release|Any CPU.ActiveCfg = Release|Any CPU
		{6AE8C0AC-893D-4757-8C02-128FD5ABD583}.Release|Any CPU.Build.0 = Release|Any CPU
		{24343A7C-F040-40E9-BF0A-B5A14F368062}.Debug|Any CPU.ActiveCfg = Debug|Any CPU
		{24343A7C-F040-40E9-BF0A-B5A14F368062}.Debug|Any CPU.Build.0 = Debug|Any CPU
		{24343A7C-F040-40E9-BF0A-B5A14F368062}.Release|Any CPU.ActiveCfg = Release|Any CPU
		{24343A7C-F040-40E9-BF0A-B5A14F368062}.Release|Any CPU.Build.0 = Release|Any CPU
		{9262859B-98A9-4BF2-AEE0-619ADBFDE1EB}.Debug|Any CPU.ActiveCfg = Debug|Any CPU
		{9262859B-98A9-4BF2-AEE0-619ADBFDE1EB}.Debug|Any CPU.Build.0 = Debug|Any CPU
		{9262859B-98A9-4BF2-AEE0-619ADBFDE1EB}.Release|Any CPU.ActiveCfg = Release|Any CPU
		{9262859B-98A9-4BF2-AEE0-619ADBFDE1EB}.Release|Any CPU.Build.0 = Release|Any CPU
		{9B294307-1C22-4AB8-91A2-0DDC018C4422}.Debug|Any CPU.ActiveCfg = Debug|Any CPU
		{9B294307-1C22-4AB8-91A2-0DDC018C4422}.Debug|Any CPU.Build.0 = Debug|Any CPU
		{9B294307-1C22-4AB8-91A2-0DDC018C4422}.Release|Any CPU.ActiveCfg = Release|Any CPU
		{9B294307-1C22-4AB8-91A2-0DDC018C4422}.Release|Any CPU.Build.0 = Release|Any CPU
		{790C9C84-C4CC-4D9E-B464-4636C267CC9A}.Debug|Any CPU.ActiveCfg = Debug|Any CPU
		{790C9C84-C4CC-4D9E-B464-4636C267CC9A}.Debug|Any CPU.Build.0 = Debug|Any CPU
		{790C9C84-C4CC-4D9E-B464-4636C267CC9A}.Release|Any CPU.ActiveCfg = Release|Any CPU
		{790C9C84-C4CC-4D9E-B464-4636C267CC9A}.Release|Any CPU.Build.0 = Release|Any CPU
		{6B4573E1-A848-4883-A089-E35AE8DA81F2}.Debug|Any CPU.ActiveCfg = Debug|Any CPU
		{6B4573E1-A848-4883-A089-E35AE8DA81F2}.Debug|Any CPU.Build.0 = Debug|Any CPU
		{6B4573E1-A848-4883-A089-E35AE8DA81F2}.Release|Any CPU.ActiveCfg = Release|Any CPU
		{6B4573E1-A848-4883-A089-E35AE8DA81F2}.Release|Any CPU.Build.0 = Release|Any CPU
		{CB189EA0-6932-4EE6-A53E-68C2CA1CAC78}.Debug|Any CPU.ActiveCfg = Debug|Any CPU
		{CB189EA0-6932-4EE6-A53E-68C2CA1CAC78}.Debug|Any CPU.Build.0 = Debug|Any CPU
		{CB189EA0-6932-4EE6-A53E-68C2CA1CAC78}.Release|Any CPU.ActiveCfg = Release|Any CPU
		{CB189EA0-6932-4EE6-A53E-68C2CA1CAC78}.Release|Any CPU.Build.0 = Release|Any CPU
	EndGlobalSection
	GlobalSection(SolutionProperties) = preSolution
		HideSolutionNode = FALSE
	EndGlobalSection
	GlobalSection(ExtensibilityGlobals) = postSolution
		SolutionGuid = {79FD8FC6-3BF4-4991-B435-D62DD31D3F4A}
	EndGlobalSection
EndGlobal
